
Microsoft Visual Studio Solution File, Format Version 12.00
# Visual Studio Version 16
VisualStudioVersion = 16.0.31624.102
MinimumVisualStudioVersion = 10.0.40219.1
Project("{9A19103F-16F7-4668-BE54-9A1E7A4F7556}") = "CandyShop", "CandyShop\CandyShop.csproj", "{FB2E521A-D7AE-47F7-B254-9656BF6BAB00}"
EndProject
Global
	GlobalSection(SolutionConfigurationPlatforms) = preSolution
		Debug|Any CPU = Debug|Any CPU
		Release|Any CPU = Release|Any CPU
	EndGlobalSection
	GlobalSection(ProjectConfigurationPlatforms) = postSolution
		{FB2E521A-D7AE-47F7-B254-9656BF6BAB00}.Debug|Any CPU.ActiveCfg = Debug|Any CPU
		{FB2E521A-D7AE-47F7-B254-9656BF6BAB00}.Debug|Any CPU.Build.0 = Debug|Any CPU
		{FB2E521A-D7AE-47F7-B254-9656BF6BAB00}.Release|Any CPU.ActiveCfg = Release|Any CPU
		{FB2E521A-D7AE-47F7-B254-9656BF6BAB00}.Release|Any CPU.Build.0 = Release|Any CPU
	EndGlobalSection
	GlobalSection(SolutionProperties) = preSolution
		HideSolutionNode = FALSE
	EndGlobalSection
	GlobalSection(ExtensibilityGlobals) = postSolution
		SolutionGuid = {48AC6FEA-4706-48D6-8FA3-0304D317E8D1}
	EndGlobalSection
EndGlobal
